// !$*UTF8*$!
{
	archiveVersion = 1;
	classes = {
	};
	objectVersion = 46;
	objects = {

/* Begin PBXBuildFile section */
		C79456701D1A29D100A2D341 /* AppDelegate.swift in Sources */ = {isa = PBXBuildFile; fileRef = C794566F1D1A29D100A2D341 /* AppDelegate.swift */; };
		C79456721D1A29D100A2D341 /* ViewController.swift in Sources */ = {isa = PBXBuildFile; fileRef = C79456711D1A29D100A2D341 /* ViewController.swift */; };
		C79456751D1A29D100A2D341 /* Main.storyboard in Resources */ = {isa = PBXBuildFile; fileRef = C79456731D1A29D100A2D341 /* Main.storyboard */; };
		C79456771D1A29D100A2D341 /* Assets.xcassets in Resources */ = {isa = PBXBuildFile; fileRef = C79456761D1A29D100A2D341 /* Assets.xcassets */; };
		C794567A1D1A29D100A2D341 /* LaunchScreen.storyboard in Resources */ = {isa = PBXBuildFile; fileRef = C79456781D1A29D100A2D341 /* LaunchScreen.storyboard */; };
		C79456821D1A2A0B00A2D341 /* MessageUI.framework in Frameworks */ = {isa = PBXBuildFile; fileRef = C79456811D1A2A0B00A2D341 /* MessageUI.framework */; };
/* End PBXBuildFile section */

/* Begin PBXFileReference section */
		C794566C1D1A29D100A2D341 /* SimpleMail.app */ = {isa = PBXFileReference; explicitFileType = wrapper.application; includeInIndex = 0; path = SimpleMail.app; sourceTree = BUILT_PRODUCTS_DIR; };
		C794566F1D1A29D100A2D341 /* AppDelegate.swift */ = {isa = PBXFileReference; lastKnownFileType = sourcecode.swift; path = AppDelegate.swift; sourceTree = "<group>"; };
		C79456711D1A29D100A2D341 /* ViewController.swift */ = {isa = PBXFileReference; lastKnownFileType = sourcecode.swift; path = ViewController.swift; sourceTree = "<group>"; };
		C79456741D1A29D100A2D341 /* Base */ = {isa = PBXFileReference; lastKnownFileType = file.storyboard; name = Base; path = Base.lproj/Main.storyboard; sourceTree = "<group>"; };
		C79456761D1A29D100A2D341 /* Assets.xcassets */ = {isa = PBXFileReference; lastKnownFileType = folder.assetcatalog; path = Assets.xcassets; sourceTree = "<group>"; };
		C79456791D1A29D100A2D341 /* Base */ = {isa = PBXFileReference; lastKnownFileType = file.storyboard; name = Base; path = Base.lproj/LaunchScreen.storyboard; sourceTree = "<group>"; };
		C794567B1D1A29D100A2D341 /* Info.plist */ = {isa = PBXFileReference; lastKnownFileType = text.plist.xml; path = Info.plist; sourceTree = "<group>"; };
		C79456811D1A2A0B00A2D341 /* MessageUI.framework */ = {isa = PBXFileReference; lastKnownFileType = wrapper.framework; name = MessageUI.framework; path = System/Library/Frameworks/MessageUI.framework; sourceTree = SDKROOT; };
/* End PBXFileReference section */

/* Begin PBXFrameworksBuildPhase section */
		C79456691D1A29D100A2D341 /* Frameworks */ = {
			isa = PBXFrameworksBuildPhase;
			buildActionMask = 2147483647;
			files = (
				C79456821D1A2A0B00A2D341 /* MessageUI.framework in Frameworks */,
			);
			runOnlyForDeploymentPostprocessing = 0;
		};
/* End PBXFrameworksBuildPhase section */

/* Begin PBXGroup section */
		C79456631D1A29D100A2D341 = {
			isa = PBXGroup;
			children = (
				C79456811D1A2A0B00A2D341 /* MessageUI.framework */,
				C794566E1D1A29D100A2D341 /* SimpleMail */,
				C794566D1D1A29D100A2D341 /* Products */,
			);
			sourceTree = "<group>";
		};
		C794566D1D1A29D100A2D341 /* Products */ = {
			isa = PBXGroup;
			children = (
				C794566C1D1A29D100A2D341 /* SimpleMail.app */,
			);
			name = Products;
			sourceTree = "<group>";
		};
		C794566E1D1A29D100A2D341 /* SimpleMail */ = {
			isa = PBXGroup;
			children = (
				C794566F1D1A29D100A2D341 /* AppDelegate.swift */,
				C79456711D1A29D100A2D341 /* ViewController.swift */,
				C79456731D1A29D100A2D341 /* Main.storyboard */,
				C79456761D1A29D100A2D341 /* Assets.xcassets */,
				C79456781D1A29D100A2D341 /* LaunchScreen.storyboard */,
				C794567B1D1A29D100A2D341 /* Info.plist */,
			);
			path = SimpleMail;
			sourceTree = "<group>";
		};
/* End PBXGroup section */

/* Begin PBXNativeTarget section */
		C794566B1D1A29D100A2D341 /* SimpleMail */ = {
			isa = PBXNativeTarget;
			buildConfigurationList = C794567E1D1A29D100A2D341 /* Build configuration list for PBXNativeTarget "SimpleMail" */;
			buildPhases = (
				C79456681D1A29D100A2D341 /* Sources */,
				C79456691D1A29D100A2D341 /* Frameworks */,
				C794566A1D1A29D100A2D341 /* Resources */,
			);
			buildRules = (
			);
			dependencies = (
			);
			name = SimpleMail;
			productName = SimpleMail;
			productReference = C794566C1D1A29D100A2D341 /* SimpleMail.app */;
			productType = "com.apple.product-type.application";
		};
/* End PBXNativeTarget section */

/* Begin PBXProject section */
		C79456641D1A29D100A2D341 /* Project object */ = {
			isa = PBXProject;
			attributes = {
				LastSwiftUpdateCheck = 0730;
				LastUpgradeCheck = 0730;
				ORGANIZATIONNAME = maru.ishi;
				TargetAttributes = {
					C794566B1D1A29D100A2D341 = {
						CreatedOnToolsVersion = 7.3.1;
					};
				};
			};
			buildConfigurationList = C79456671D1A29D100A2D341 /* Build configuration list for PBXProject "SimpleMail" */;
			compatibilityVersion = "Xcode 3.2";
			developmentRegion = English;
			hasScannedForEncodings = 0;
			knownRegions = (
				en,
				Base,
			);
			mainGroup = C79456631D1A29D100A2D341;
			productRefGroup = C794566D1D1A29D100A2D341 /* Products */;
			projectDirPath = "";
			projectRoot = "";
			targets = (
				C794566B1D1A29D100A2D341 /* SimpleMail */,
			);
		};
/* End PBXProject section */

/* Begin PBXResourcesBuildPhase section */
		C794566A1D1A29D100A2D341 /* Resources */ = {
			isa = PBXResourcesBuildPhase;
			buildActionMask = 2147483647;
			files = (
				C794567A1D1A29D100A2D341 /* LaunchScreen.storyboard in Resources */,
				C79456771D1A29D100A2D341 /* Assets.xcassets in Resources */,
				C79456751D1A29D100A2D341 /* Main.storyboard in Resources */,
			);
			runOnlyForDeploymentPostprocessing = 0;
		};
/* End PBXResourcesBuildPhase section */

/* Begin PBXSourcesBuildPhase section */
		C79456681D1A29D100A2D341 /* Sources */ = {
			isa = PBXSourcesBuildPhase;
			buildActionMask = 2147483647;
			files = (
				C79456721D1A29D100A2D341 /* ViewController.swift in Sources */,
				C79456701D1A29D100A2D341 /* AppDelegate.swift in Sources */,
			);
			runOnlyForDeploymentPostprocessing = 0;
		};
/* End PBXSourcesBuildPhase section */

/* Begin PBXVariantGroup section */
		C79456731D1A29D100A2D341 /* Main.storyboard */ = {
			isa = PBXVariantGroup;
			children = (
				C79456741D1A29D100A2D341 /* Base */,
			);
			name = Main.storyboard;
			sourceTree = "<group>";
		};
		C79456781D1A29D100A2D341 /* LaunchScreen.storyboard */ = {
			isa = PBXVariantGroup;
			children = (
				C79456791D1A29D100A2D341 /* Base */,
			);
			name = LaunchScreen.storyboard;
			sourceTree = "<group>";
		};
/* End PBXVariantGroup section */

/* Begin XCBuildConfiguration section */
		C794567C1D1A29D100A2D341 /* Debug */ = {
			isa = XCBuildConfiguration;
			buildSettings = {
				ALWAYS_SEARCH_USER_PATHS = NO;
				CLANG_ANALYZER_NONNULL = YES;
				CLANG_CXX_LANGUAGE_STANDARD = "gnu++0x";
				CLANG_CXX_LIBRARY = "libc++";
				CLANG_ENABLE_MODULES = YES;
				CLANG_ENABLE_OBJC_ARC = YES;
				CLANG_WARN_BOOL_CONVERSION = YES;
				CLANG_WARN_CONSTANT_CONVERSION = YES;
				CLANG_WARN_DIRECT_OBJC_ISA_USAGE = YES_ERROR;
				CLANG_WARN_EMPTY_BODY = YES;
				CLANG_WARN_ENUM_CONVERSION = YES;
				CLANG_WARN_INT_CONVERSION = YES;
				CLANG_WARN_OBJC_ROOT_CLASS = YES_ERROR;
				CLANG_WARN_UNREACHABLE_CODE = YES;
				CLANG_WARN__DUPLICATE_METHOD_MATCH = YES;
				"CODE_SIGN_IDENTITY[sdk=iphoneos*]" = "iPhone Developer";
				COPY_PHASE_STRIP = NO;
				DEBUG_INFORMATION_FORMAT = dwarf;
				ENABLE_STRICT_OBJC_MSGSEND = YES;
				ENABLE_TESTABILITY = YES;
				GCC_C_LANGUAGE_STANDARD = gnu99;
				GCC_DYNAMIC_NO_PIC = NO;
				GCC_NO_COMMON_BLOCKS = YES;
				GCC_OPTIMIZATION_LEVEL = 0;
				GCC_PREPROCESSOR_DEFINITIONS = (
					"DEBUG=1",
					"$(inherited)",
				);
				GCC_WARN_64_TO_32_BIT_CONVERSION = YES;
				GCC_WARN_ABOUT_RETURN_TYPE = YES_ERROR;
				GCC_WARN_UNDECLARED_SELECTOR = YES;
				GCC_WARN_UNINITIALIZED_AUTOS = YES_AGGRESSIVE;
				GCC_WARN_UNUSED_FUNCTION = YES;
				GCC_WARN_UNUSED_VARIABLE = YES;
				IPHONEOS_DEPLOYMENT_TARGET = 9.3;
				MTL_ENABLE_DEBUG_INFO = YES;
				ONLY_ACTIVE_ARCH = YES;
				SDKROOT = iphoneos;
				SWIFT_OPTIMIZATION_LEVEL = "-Onone";
			};
			name = Debug;
		};
		C794567D1D1A29D100A2D341 /* Release */ = {
			isa = XCBuildConfiguration;
			buildSettings = {
				ALWAYS_SEARCH_USER_PATHS = NO;
				CLANG_ANALYZER_NONNULL = YES;
				CLANG_CXX_LANGUAGE_STANDARD = "gnu++0x";
				CLANG_CXX_LIBRARY = "libc++";
				CLANG_ENABLE_MODULES = YES;
				CLANG_ENABLE_OBJC_ARC = YES;
				CLANG_WARN_BOOL_CONVERSION = YES;
				CLANG_WARN_CONSTANT_CONVERSION = YES;
				CLANG_WARN_DIRECT_OBJC_ISA_USAGE = YES_ERROR;
				CLANG_WARN_EMPTY_BODY = YES;
				CLANG_WARN_ENUM_CONVERSION = YES;
				CLANG_WARN_INT_CONVERSION = YES;
				CLANG_WARN_OBJC_ROOT_CLASS = YES_ERROR;
				CLANG_WARN_UNREACHABLE_CODE = YES;
				CLANG_WARN__DUPLICATE_METHOD_MATCH = YES;
				"CODE_SIGN_IDENTITY[sdk=iphoneos*]" = "iPhone Developer";
				COPY_PHASE_STRIP = NO;
				DEBUG_INFORMATION_FORMAT = "dwarf-with-dsym";
				ENABLE_NS_ASSERTIONS = NO;
				ENABLE_STRICT_OBJC_MSGSEND = YES;
				GCC_C_LANGUAGE_STANDARD = gnu99;
				GCC_NO_COMMON_BLOCKS = YES;
				GCC_WARN_64_TO_32_BIT_CONVERSION = YES;
				GCC_WARN_ABOUT_RETURN_TYPE = YES_ERROR;
				GCC_WARN_UNDECLARED_SELECTOR = YES;
				GCC_WARN_UNINITIALIZED_AUTOS = YES_AGGRESSIVE;
				GCC_WARN_UNUSED_FUNCTION = YES;
				GCC_WARN_UNUSED_VARIABLE = YES;
				IPHONEOS_DEPLOYMENT_TARGET = 9.3;
				MTL_ENABLE_DEBUG_INFO = NO;
				SDKROOT = iphoneos;
				VALIDATE_PRODUCT = YES;
			};
			name = Release;
		};
		C794567F1D1A29D100A2D341 /* Debug */ = {
			isa = XCBuildConfiguration;
			buildSettings = {
				ASSETCATALOG_COMPILER_APPICON_NAME = AppIcon;
				INFOPLIST_FILE = SimpleMail/Info.plist;
				LD_RUNPATH_SEARCH_PATHS = "$(inherited) @executable_path/Frameworks";
				PRODUCT_BUNDLE_IDENTIFIER = jp.techacademy.maru.ishi.SimpleMail;
				PRODUCT_NAME = "$(TARGET_NAME)";
			};
			name = Debug;
		};
		C79456801D1A29D100A2D341 /* Release */ = {
			isa = XCBuildConfiguration;
			buildSettings = {
				ASSETCATALOG_COMPILER_APPICON_NAME = AppIcon;
				INFOPLIST_FILE = SimpleMail/Info.plist;
				LD_RUNPATH_SEARCH_PATHS = "$(inherited) @executable_path/Frameworks";
				PRODUCT_BUNDLE_IDENTIFIER = jp.techacademy.maru.ishi.SimpleMail;
				PRODUCT_NAME = "$(TARGET_NAME)";
			};
			name = Release;
		};
/* End XCBuildConfiguration section */

/* Begin XCConfigurationList section */
		C79456671D1A29D100A2D341 /* Build configuration list for PBXProject "SimpleMail" */ = {
			isa = XCConfigurationList;
			buildConfigurations = (
				C794567C1D1A29D100A2D341 /* Debug */,
				C794567D1D1A29D100A2D341 /* Release */,
			);
			defaultConfigurationIsVisible = 0;
			defaultConfigurationName = Release;
		};
		C794567E1D1A29D100A2D341 /* Build configuration list for PBXNativeTarget "SimpleMail" */ = {
			isa = XCConfigurationList;
			buildConfigurations = (
				C794567F1D1A29D100A2D341 /* Debug */,
				C79456801D1A29D100A2D341 /* Release */,
			);
			defaultConfigurationIsVisible = 0;
		};
/* End XCConfigurationList section */
	};
	rootObject = C79456641D1A29D100A2D341 /* Project object */;
}
